// !$*UTF8*$!
{
	archiveVersion = 1;
	classes = {
	};
	objectVersion = 46;
	objects = {

/* Begin PBXBuildFile section */
		53463AB91B55A3BC006B6552 /* MyView1.m in Sources */ = {isa = PBXBuildFile; fileRef = 53463AA11B55A3BC006B6552 /* MyView1.m */; };
		53463ABA1B55A3BC006B6552 /* MyView2.m in Sources */ = {isa = PBXBuildFile; fileRef = 53463AA31B55A3BC006B6552 /* MyView2.m */; };
		53463ABB1B55A3BC006B6552 /* ViewController1.m in Sources */ = {isa = PBXBuildFile; fileRef = 53463AA51B55A3BC006B6552 /* ViewController1.m */; };
		53463ABC1B55A3BC006B6552 /* ViewController1.xib in Resources */ = {isa = PBXBuildFile; fileRef = 53463AA61B55A3BC006B6552 /* ViewController1.xib */; };
		53463ABD1B55A3BC006B6552 /* ViewController2.m in Sources */ = {isa = PBXBuildFile; fileRef = 53463AA81B55A3BC006B6552 /* ViewController2.m */; };
		53463ABE1B55A3BC006B6552 /* ViewController2.xib in Resources */ = {isa = PBXBuildFile; fileRef = 53463AA91B55A3BC006B6552 /* ViewController2.xib */; };
		53463ABF1B55A3BC006B6552 /* W2View1.m in Sources */ = {isa = PBXBuildFile; fileRef = 53463AAB1B55A3BC006B6552 /* W2View1.m */; };
		53463AC01B55A3BC006B6552 /* W2View2.m in Sources */ = {isa = PBXBuildFile; fileRef = 53463AAD1B55A3BC006B6552 /* W2View2.m */; };
		53463AC11B55A3BC006B6552 /* W2View3.m in Sources */ = {isa = PBXBuildFile; fileRef = 53463AAF1B55A3BC006B6552 /* W2View3.m */; };
		53463AC21B55A3BC006B6552 /* W2ViewController1.m in Sources */ = {isa = PBXBuildFile; fileRef = 53463AB11B55A3BC006B6552 /* W2ViewController1.m */; };
		53463AC31B55A3BC006B6552 /* W2ViewController1.xib in Resources */ = {isa = PBXBuildFile; fileRef = 53463AB21B55A3BC006B6552 /* W2ViewController1.xib */; };
		53463AC41B55A3BC006B6552 /* W2ViewController2.m in Sources */ = {isa = PBXBuildFile; fileRef = 53463AB41B55A3BC006B6552 /* W2ViewController2.m */; };
		53463AC51B55A3BC006B6552 /* W2ViewController2.xib in Resources */ = {isa = PBXBuildFile; fileRef = 53463AB51B55A3BC006B6552 /* W2ViewController2.xib */; };
		53463AC61B55A3BC006B6552 /* W2ViewController3.m in Sources */ = {isa = PBXBuildFile; fileRef = 53463AB71B55A3BC006B6552 /* W2ViewController3.m */; };
		53463AC71B55A3BC006B6552 /* W2ViewController3.xib in Resources */ = {isa = PBXBuildFile; fileRef = 53463AB81B55A3BC006B6552 /* W2ViewController3.xib */; };
		53463ACC1B55A62F006B6552 /* W2TableViewController.m in Sources */ = {isa = PBXBuildFile; fileRef = 53463ACA1B55A62F006B6552 /* W2TableViewController.m */; };
		53463ACD1B55A62F006B6552 /* W2TableViewController.xib in Resources */ = {isa = PBXBuildFile; fileRef = 53463ACB1B55A62F006B6552 /* W2TableViewController.xib */; };
		53463AD31B55A7E9006B6552 /* W2TableContainer.m in Sources */ = {isa = PBXBuildFile; fileRef = 53463AD21B55A7E9006B6552 /* W2TableContainer.m */; };
		53463AD81B55CCA6006B6552 /* TurboTax W-2 Header.png in Resources */ = {isa = PBXBuildFile; fileRef = 53463AD41B55CCA6006B6552 /* TurboTax W-2 Header.png */; };
		53463AD91B55CCA6006B6552 /* TurboTax W-2 Page-2.png in Resources */ = {isa = PBXBuildFile; fileRef = 53463AD51B55CCA6006B6552 /* TurboTax W-2 Page-2.png */; };
		53463ADA1B55CCA6006B6552 /* TurboTax W-2 Page-3.png in Resources */ = {isa = PBXBuildFile; fileRef = 53463AD61B55CCA6006B6552 /* TurboTax W-2 Page-3.png */; };
		53463ADB1B55CCA6006B6552 /* TurboTax W-2 Page-1.png in Resources */ = {isa = PBXBuildFile; fileRef = 53463AD71B55CCA6006B6552 /* TurboTax W-2 Page-1.png */; };
		53463ADE1B55D44C006B6552 /* ResourceUtil.m in Sources */ = {isa = PBXBuildFile; fileRef = 53463ADD1B55D44C006B6552 /* ResourceUtil.m */; };
		53463AE01B55EB15006B6552 /* ddte-client.sqlite3 in Resources */ = {isa = PBXBuildFile; fileRef = 53463ADF1B55EB15006B6552 /* ddte-client.sqlite3 */; };
		5346EE141B45A1CA0054E726 /* libsqlite3.0.dylib in Frameworks */ = {isa = PBXBuildFile; fileRef = 5346EE121B45A1CA0054E726 /* libsqlite3.0.dylib */; };
		5346EE151B45A1CA0054E726 /* libsqlite3.dylib in Frameworks */ = {isa = PBXBuildFile; fileRef = 5346EE131B45A1CA0054E726 /* libsqlite3.dylib */; };
		5346EE181B45A21C0054E726 /* DBManager.mm in Sources */ = {isa = PBXBuildFile; fileRef = 5346EE171B45A21C0054E726 /* DBManager.mm */; };
		5354F8F71B5428A400D9AE50 /* libcurl.4.dylib in Frameworks */ = {isa = PBXBuildFile; fileRef = 5354F8F51B5428A400D9AE50 /* libcurl.4.dylib */; };
		5354F8F81B5428A400D9AE50 /* libcurl.dylib in Frameworks */ = {isa = PBXBuildFile; fileRef = 5354F8F61B5428A400D9AE50 /* libcurl.dylib */; };
		538FA3BC1B4A65D100CEBF48 /* sampledb.sql in Resources */ = {isa = PBXBuildFile; fileRef = 5346EE421B45E1D20054E726 /* sampledb.sql */; };
		53DB57861B564D5C00631BF5 /* TurboTax W-2 Logo.png in Resources */ = {isa = PBXBuildFile; fileRef = 53DB57851B564D5C00631BF5 /* TurboTax W-2 Logo.png */; };
		53DB578A1B565DCF00631BF5 /* DdteWindowController.m in Sources */ = {isa = PBXBuildFile; fileRef = 53DB57881B565DCF00631BF5 /* DdteWindowController.m */; };
		53DB578B1B565DCF00631BF5 /* DdteWindowController.xib in Resources */ = {isa = PBXBuildFile; fileRef = 53DB57891B565DCF00631BF5 /* DdteWindowController.xib */; };
		53DB578E1B56635300631BF5 /* DdteResponseView.m in Sources */ = {isa = PBXBuildFile; fileRef = 53DB578D1B56635300631BF5 /* DdteResponseView.m */; };
		53DB57921B568C6F00631BF5 /* SqlWindowController.m in Sources */ = {isa = PBXBuildFile; fileRef = 53DB57901B568C6F00631BF5 /* SqlWindowController.m */; };
		53DB57931B568C6F00631BF5 /* SqlWindowController.xib in Resources */ = {isa = PBXBuildFile; fileRef = 53DB57911B568C6F00631BF5 /* SqlWindowController.xib */; };
		53DB57961B568CA700631BF5 /* SqlResponseView.mm in Sources */ = {isa = PBXBuildFile; fileRef = 53DB57951B568CA700631BF5 /* SqlResponseView.mm */; };
		53E738B81B58631B00486F3A /* SqLite.cpp in Sources */ = {isa = PBXBuildFile; fileRef = 53E738B61B58631B00486F3A /* SqLite.cpp */; };
		53E738C21B5863B300486F3A /* SqLiteDatabase.cpp in Sources */ = {isa = PBXBuildFile; fileRef = 53E738BA1B5863B300486F3A /* SqLiteDatabase.cpp */; };
		53E738C31B5863B300486F3A /* SqLiteException.cpp in Sources */ = {isa = PBXBuildFile; fileRef = 53E738BC1B5863B300486F3A /* SqLiteException.cpp */; };
		53E738C41B5863B300486F3A /* SqLiteQuery.cpp in Sources */ = {isa = PBXBuildFile; fileRef = 53E738BE1B5863B300486F3A /* SqLiteQuery.cpp */; };
		53E738C51B5863B300486F3A /* SqLiteValue.cpp in Sources */ = {isa = PBXBuildFile; fileRef = 53E738C01B5863B300486F3A /* SqLiteValue.cpp */; };
		53E738C91B58694200486F3A /* W2FormData.cpp in Sources */ = {isa = PBXBuildFile; fileRef = 53E738C81B58694200486F3A /* W2FormData.cpp */; };
		53E738CD1B586A1400486F3A /* CurlTest.cpp in Sources */ = {isa = PBXBuildFile; fileRef = 53E738CB1B586A1400486F3A /* CurlTest.cpp */; };
		53E738D01B5982D100486F3A /* W2FormManager.mm in Sources */ = {isa = PBXBuildFile; fileRef = 53E738CF1B5982D100486F3A /* W2FormManager.mm */; };
		53F7A48D1B44B9900072BB8D /* Cocoa.framework in Frameworks */ = {isa = PBXBuildFile; fileRef = 53F7A48C1B44B9900072BB8D /* Cocoa.framework */; };
		53F7A4971B44B9900072BB8D /* InfoPlist.strings in Resources */ = {isa = PBXBuildFile; fileRef = 53F7A4951B44B9900072BB8D /* InfoPlist.strings */; };
		53F7A4991B44B9900072BB8D /* main.m in Sources */ = {isa = PBXBuildFile; fileRef = 53F7A4981B44B9900072BB8D /* main.m */; };
		53F7A49D1B44B9900072BB8D /* Credits.rtf in Resources */ = {isa = PBXBuildFile; fileRef = 53F7A49B1B44B9900072BB8D /* Credits.rtf */; };
		53F7A4A01B44B9900072BB8D /* AppDelegate.mm in Sources */ = {isa = PBXBuildFile; fileRef = 53F7A49F1B44B9900072BB8D /* AppDelegate.mm */; };
		53F7A4A31B44B9900072BB8D /* MainMenu.xib in Resources */ = {isa = PBXBuildFile; fileRef = 53F7A4A11B44B9900072BB8D /* MainMenu.xib */; };
		53F7A4A51B44B9900072BB8D /* Images.xcassets in Resources */ = {isa = PBXBuildFile; fileRef = 53F7A4A41B44B9900072BB8D /* Images.xcassets */; };
		53F7A4AC1B44B9900072BB8D /* XCTest.framework in Frameworks */ = {isa = PBXBuildFile; fileRef = 53F7A4AB1B44B9900072BB8D /* XCTest.framework */; };
		53F7A4AD1B44B9900072BB8D /* Cocoa.framework in Frameworks */ = {isa = PBXBuildFile; fileRef = 53F7A48C1B44B9900072BB8D /* Cocoa.framework */; };
		53F7A4B51B44B9900072BB8D /* InfoPlist.strings in Resources */ = {isa = PBXBuildFile; fileRef = 53F7A4B31B44B9900072BB8D /* InfoPlist.strings */; };
		53F7A4B71B44B9900072BB8D /* ddteAppTests.m in Sources */ = {isa = PBXBuildFile; fileRef = 53F7A4B61B44B9900072BB8D /* ddteAppTests.m */; };
/* End PBXBuildFile section */

/* Begin PBXContainerItemProxy section */
		53F7A4AE1B44B9900072BB8D /* PBXContainerItemProxy */ = {
			isa = PBXContainerItemProxy;
			containerPortal = 53F7A4811B44B98F0072BB8D /* Project object */;
			proxyType = 1;
			remoteGlobalIDString = 53F7A4881B44B9900072BB8D;
			remoteInfo = ddteApp;
		};
/* End PBXContainerItemProxy section */

/* Begin PBXFileReference section */
		534523251B502E86005A3BA4 /* DBManager.h */ = {isa = PBXFileReference; fileEncoding = 4; lastKnownFileType = sourcecode.c.h; path = DBManager.h; sourceTree = "<group>"; };
		53463AA01B55A3BC006B6552 /* MyView1.h */ = {isa = PBXFileReference; fileEncoding = 4; lastKnownFileType = sourcecode.c.h; name = MyView1.h; path = Views/MyView1.h; sourceTree = "<group>"; };
		53463AA11B55A3BC006B6552 /* MyView1.m */ = {isa = PBXFileReference; fileEncoding = 4; lastKnownFileType = sourcecode.c.objc; name = MyView1.m; path = Views/MyView1.m; sourceTree = "<group>"; };
		53463AA21B55A3BC006B6552 /* MyView2.h */ = {isa = PBXFileReference; fileEncoding = 4; lastKnownFileType = sourcecode.c.h; name = MyView2.h; path = Views/MyView2.h; sourceTree = "<group>"; };
		53463AA31B55A3BC006B6552 /* MyView2.m */ = {isa = PBXFileReference; fileEncoding = 4; lastKnownFileType = sourcecode.c.objc; name = MyView2.m; path = Views/MyView2.m; sourceTree = "<group>"; };
		53463AA41B55A3BC006B6552 /* ViewController1.h */ = {isa = PBXFileReference; fileEncoding = 4; lastKnownFileType = sourcecode.c.h; name = ViewController1.h; path = Views/ViewController1.h; sourceTree = "<group>"; };
		53463AA51B55A3BC006B6552 /* ViewController1.m */ = {isa = PBXFileReference; fileEncoding = 4; lastKnownFileType = sourcecode.c.objc; name = ViewController1.m; path = Views/ViewController1.m; sourceTree = "<group>"; };
		53463AA61B55A3BC006B6552 /* ViewController1.xib */ = {isa = PBXFileReference; fileEncoding = 4; lastKnownFileType = file.xib; name = ViewController1.xib; path = Views/ViewController1.xib; sourceTree = "<group>"; };
		53463AA71B55A3BC006B6552 /* ViewController2.h */ = {isa = PBXFileReference; fileEncoding = 4; lastKnownFileType = sourcecode.c.h; name = ViewController2.h; path = Views/ViewController2.h; sourceTree = "<group>"; };
		53463AA81B55A3BC006B6552 /* ViewController2.m */ = {isa = PBXFileReference; fileEncoding = 4; lastKnownFileType = sourcecode.c.objc; name = ViewController2.m; path = Views/ViewController2.m; sourceTree = "<group>"; };
		53463AA91B55A3BC006B6552 /* ViewController2.xib */ = {isa = PBXFileReference; fileEncoding = 4; lastKnownFileType = file.xib; name = ViewController2.xib; path = Views/ViewController2.xib; sourceTree = "<group>"; };
		53463AAA1B55A3BC006B6552 /* W2View1.h */ = {isa = PBXFileReference; fileEncoding = 4; lastKnownFileType = sourcecode.c.h; name = W2View1.h; path = Views/W2View1.h; sourceTree = "<group>"; };
		53463AAB1B55A3BC006B6552 /* W2View1.m */ = {isa = PBXFileReference; fileEncoding = 4; lastKnownFileType = sourcecode.c.objc; name = W2View1.m; path = Views/W2View1.m; sourceTree = "<group>"; };
		53463AAC1B55A3BC006B6552 /* W2View2.h */ = {isa = PBXFileReference; fileEncoding = 4; lastKnownFileType = sourcecode.c.h; name = W2View2.h; path = Views/W2View2.h; sourceTree = "<group>"; };
		53463AAD1B55A3BC006B6552 /* W2View2.m */ = {isa = PBXFileReference; fileEncoding = 4; lastKnownFileType = sourcecode.c.objc; name = W2View2.m; path = Views/W2View2.m; sourceTree = "<group>"; };
		53463AAE1B55A3BC006B6552 /* W2View3.h */ = {isa = PBXFileReference; fileEncoding = 4; lastKnownFileType = sourcecode.c.h; name = W2View3.h; path = Views/W2View3.h; sourceTree = "<group>"; };
		53463AAF1B55A3BC006B6552 /* W2View3.m */ = {isa = PBXFileReference; fileEncoding = 4; lastKnownFileType = sourcecode.c.objc; name = W2View3.m; path = Views/W2View3.m; sourceTree = "<group>"; };
		53463AB01B55A3BC006B6552 /* W2ViewController1.h */ = {isa = PBXFileReference; fileEncoding = 4; lastKnownFileType = sourcecode.c.h; name = W2ViewController1.h; path = Views/W2ViewController1.h; sourceTree = "<group>"; };
		53463AB11B55A3BC006B6552 /* W2ViewController1.m */ = {isa = PBXFileReference; fileEncoding = 4; lastKnownFileType = sourcecode.c.objc; name = W2ViewController1.m; path = Views/W2ViewController1.m; sourceTree = "<group>"; };
		53463AB21B55A3BC006B6552 /* W2ViewController1.xib */ = {isa = PBXFileReference; fileEncoding = 4; lastKnownFileType = file.xib; name = W2ViewController1.xib; path = Views/W2ViewController1.xib; sourceTree = "<group>"; };
		53463AB31B55A3BC006B6552 /* W2ViewController2.h */ = {isa = PBXFileReference; fileEncoding = 4; lastKnownFileType = sourcecode.c.h; name = W2ViewController2.h; path = Views/W2ViewController2.h; sourceTree = "<group>"; };
		53463AB41B55A3BC006B6552 /* W2ViewController2.m */ = {isa = PBXFileReference; fileEncoding = 4; lastKnownFileType = sourcecode.c.objc; name = W2ViewController2.m; path = Views/W2ViewController2.m; sourceTree = "<group>"; };
		53463AB51B55A3BC006B6552 /* W2ViewController2.xib */ = {isa = PBXFileReference; fileEncoding = 4; lastKnownFileType = file.xib; name = W2ViewController2.xib; path = Views/W2ViewController2.xib; sourceTree = "<group>"; };
		53463AB61B55A3BC006B6552 /* W2ViewController3.h */ = {isa = PBXFileReference; fileEncoding = 4; lastKnownFileType = sourcecode.c.h; name = W2ViewController3.h; path = Views/W2ViewController3.h; sourceTree = "<group>"; };
		53463AB71B55A3BC006B6552 /* W2ViewController3.m */ = {isa = PBXFileReference; fileEncoding = 4; lastKnownFileType = sourcecode.c.objc; name = W2ViewController3.m; path = Views/W2ViewController3.m; sourceTree = "<group>"; };
		53463AB81B55A3BC006B6552 /* W2ViewController3.xib */ = {isa = PBXFileReference; fileEncoding = 4; lastKnownFileType = file.xib; name = W2ViewController3.xib; path = Views/W2ViewController3.xib; sourceTree = "<group>"; };
		53463AC91B55A62F006B6552 /* W2TableViewController.h */ = {isa = PBXFileReference; fileEncoding = 4; lastKnownFileType = sourcecode.c.h; name = W2TableViewController.h; path = Views/W2TableViewController.h; sourceTree = "<group>"; };
		53463ACA1B55A62F006B6552 /* W2TableViewController.m */ = {isa = PBXFileReference; fileEncoding = 4; lastKnownFileType = sourcecode.c.objc; name = W2TableViewController.m; path = Views/W2TableViewController.m; sourceTree = "<group>"; };
		53463ACB1B55A62F006B6552 /* W2TableViewController.xib */ = {isa = PBXFileReference; fileEncoding = 4; lastKnownFileType = file.xib; name = W2TableViewController.xib; path = Views/W2TableViewController.xib; sourceTree = "<group>"; };
		53463AD11B55A7E9006B6552 /* W2TableContainer.h */ = {isa = PBXFileReference; fileEncoding = 4; lastKnownFileType = sourcecode.c.h; name = W2TableContainer.h; path = Views/W2TableContainer.h; sourceTree = "<group>"; };
		53463AD21B55A7E9006B6552 /* W2TableContainer.m */ = {isa = PBXFileReference; fileEncoding = 4; lastKnownFileType = sourcecode.c.objc; name = W2TableContainer.m; path = Views/W2TableContainer.m; sourceTree = "<group>"; };
		53463AD41B55CCA6006B6552 /* TurboTax W-2 Header.png */ = {isa = PBXFileReference; lastKnownFileType = image.png; path = "TurboTax W-2 Header.png"; sourceTree = "<group>"; };
		53463AD51B55CCA6006B6552 /* TurboTax W-2 Page-2.png */ = {isa = PBXFileReference; lastKnownFileType = image.png; path = "TurboTax W-2 Page-2.png"; sourceTree = "<group>"; };
		53463AD61B55CCA6006B6552 /* TurboTax W-2 Page-3.png */ = {isa = PBXFileReference; lastKnownFileType = image.png; path = "TurboTax W-2 Page-3.png"; sourceTree = "<group>"; };
		53463AD71B55CCA6006B6552 /* TurboTax W-2 Page-1.png */ = {isa = PBXFileReference; lastKnownFileType = image.png; path = "TurboTax W-2 Page-1.png"; sourceTree = "<group>"; };
		53463ADC1B55D44C006B6552 /* ResourceUtil.h */ = {isa = PBXFileReference; fileEncoding = 4; lastKnownFileType = sourcecode.c.h; path = ResourceUtil.h; sourceTree = "<group>"; };
		53463ADD1B55D44C006B6552 /* ResourceUtil.m */ = {isa = PBXFileReference; fileEncoding = 4; lastKnownFileType = sourcecode.c.objc; path = ResourceUtil.m; sourceTree = "<group>"; };
		53463ADF1B55EB15006B6552 /* ddte-client.sqlite3 */ = {isa = PBXFileReference; lastKnownFileType = file; path = "ddte-client.sqlite3"; sourceTree = "<group>"; };
		5346EE121B45A1CA0054E726 /* libsqlite3.0.dylib */ = {isa = PBXFileReference; lastKnownFileType = "compiled.mach-o.dylib"; name = libsqlite3.0.dylib; path = usr/lib/libsqlite3.0.dylib; sourceTree = SDKROOT; };
		5346EE131B45A1CA0054E726 /* libsqlite3.dylib */ = {isa = PBXFileReference; lastKnownFileType = "compiled.mach-o.dylib"; name = libsqlite3.dylib; path = usr/lib/libsqlite3.dylib; sourceTree = SDKROOT; };
		5346EE171B45A21C0054E726 /* DBManager.mm */ = {isa = PBXFileReference; fileEncoding = 4; lastKnownFileType = sourcecode.cpp.objcpp; path = DBManager.mm; sourceTree = "<group>"; };
		5346EE421B45E1D20054E726 /* sampledb.sql */ = {isa = PBXFileReference; lastKnownFileType = file; path = sampledb.sql; sourceTree = "<group>"; };
		5354F8F51B5428A400D9AE50 /* libcurl.4.dylib */ = {isa = PBXFileReference; lastKnownFileType = "compiled.mach-o.dylib"; name = libcurl.4.dylib; path = usr/lib/libcurl.4.dylib; sourceTree = SDKROOT; };
		5354F8F61B5428A400D9AE50 /* libcurl.dylib */ = {isa = PBXFileReference; lastKnownFileType = "compiled.mach-o.dylib"; name = libcurl.dylib; path = usr/lib/libcurl.dylib; sourceTree = SDKROOT; };
		53DB57851B564D5C00631BF5 /* TurboTax W-2 Logo.png */ = {isa = PBXFileReference; lastKnownFileType = image.png; path = "TurboTax W-2 Logo.png"; sourceTree = "<group>"; };
		53DB57871B565DCF00631BF5 /* DdteWindowController.h */ = {isa = PBXFileReference; fileEncoding = 4; lastKnownFileType = sourcecode.c.h; name = DdteWindowController.h; path = Views/DdteWindowController.h; sourceTree = "<group>"; };
		53DB57881B565DCF00631BF5 /* DdteWindowController.m */ = {isa = PBXFileReference; fileEncoding = 4; lastKnownFileType = sourcecode.c.objc; name = DdteWindowController.m; path = Views/DdteWindowController.m; sourceTree = "<group>"; };
		53DB57891B565DCF00631BF5 /* DdteWindowController.xib */ = {isa = PBXFileReference; fileEncoding = 4; lastKnownFileType = file.xib; name = DdteWindowController.xib; path = Views/DdteWindowController.xib; sourceTree = "<group>"; };
		53DB578C1B56635300631BF5 /* DdteResponseView.h */ = {isa = PBXFileReference; fileEncoding = 4; lastKnownFileType = sourcecode.c.h; name = DdteResponseView.h; path = Views/DdteResponseView.h; sourceTree = "<group>"; };
		53DB578D1B56635300631BF5 /* DdteResponseView.m */ = {isa = PBXFileReference; fileEncoding = 4; lastKnownFileType = sourcecode.c.objc; name = DdteResponseView.m; path = Views/DdteResponseView.m; sourceTree = "<group>"; };
		53DB578F1B568C6F00631BF5 /* SqlWindowController.h */ = {isa = PBXFileReference; fileEncoding = 4; lastKnownFileType = sourcecode.c.h; name = SqlWindowController.h; path = Views/SqlWindowController.h; sourceTree = "<group>"; };
		53DB57901B568C6F00631BF5 /* SqlWindowController.m */ = {isa = PBXFileReference; fileEncoding = 4; lastKnownFileType = sourcecode.c.objc; name = SqlWindowController.m; path = Views/SqlWindowController.m; sourceTree = "<group>"; };
		53DB57911B568C6F00631BF5 /* SqlWindowController.xib */ = {isa = PBXFileReference; fileEncoding = 4; lastKnownFileType = file.xib; name = SqlWindowController.xib; path = Views/SqlWindowController.xib; sourceTree = "<group>"; };
		53DB57941B568CA700631BF5 /* SqlResponseView.h */ = {isa = PBXFileReference; fileEncoding = 4; lastKnownFileType = sourcecode.c.h; name = SqlResponseView.h; path = Views/SqlResponseView.h; sourceTree = "<group>"; };
		53DB57951B568CA700631BF5 /* SqlResponseView.mm */ = {isa = PBXFileReference; fileEncoding = 4; lastKnownFileType = sourcecode.cpp.objcpp; name = SqlResponseView.mm; path = Views/SqlResponseView.mm; sourceTree = "<group>"; };
		53E738B61B58631B00486F3A /* SqLite.cpp */ = {isa = PBXFileReference; fileEncoding = 4; lastKnownFileType = sourcecode.cpp.cpp; name = SqLite.cpp; path = SqLite/SqLite.cpp; sourceTree = "<group>"; };
		53E738B71B58631B00486F3A /* SqLite.h */ = {isa = PBXFileReference; fileEncoding = 4; lastKnownFileType = sourcecode.c.h; name = SqLite.h; path = SqLite/SqLite.h; sourceTree = "<group>"; };
		53E738BA1B5863B300486F3A /* SqLiteDatabase.cpp */ = {isa = PBXFileReference; fileEncoding = 4; lastKnownFileType = sourcecode.cpp.cpp; name = SqLiteDatabase.cpp; path = SqLite/SqLiteDatabase.cpp; sourceTree = "<group>"; };
		53E738BB1B5863B300486F3A /* SqLiteDatabase.h */ = {isa = PBXFileReference; fileEncoding = 4; lastKnownFileType = sourcecode.c.h; name = SqLiteDatabase.h; path = SqLite/SqLiteDatabase.h; sourceTree = "<group>"; };
		53E738BC1B5863B300486F3A /* SqLiteException.cpp */ = {isa = PBXFileReference; fileEncoding = 4; lastKnownFileType = sourcecode.cpp.cpp; name = SqLiteException.cpp; path = SqLite/SqLiteException.cpp; sourceTree = "<group>"; };
		53E738BD1B5863B300486F3A /* SqLiteException.h */ = {isa = PBXFileReference; fileEncoding = 4; lastKnownFileType = sourcecode.c.h; name = SqLiteException.h; path = SqLite/SqLiteException.h; sourceTree = "<group>"; };
		53E738BE1B5863B300486F3A /* SqLiteQuery.cpp */ = {isa = PBXFileReference; fileEncoding = 4; lastKnownFileType = sourcecode.cpp.cpp; name = SqLiteQuery.cpp; path = SqLite/SqLiteQuery.cpp; sourceTree = "<group>"; };
		53E738BF1B5863B300486F3A /* SqLiteQuery.h */ = {isa = PBXFileReference; fileEncoding = 4; lastKnownFileType = sourcecode.c.h; name = SqLiteQuery.h; path = SqLite/SqLiteQuery.h; sourceTree = "<group>"; };
		53E738C01B5863B300486F3A /* SqLiteValue.cpp */ = {isa = PBXFileReference; fileEncoding = 4; lastKnownFileType = sourcecode.cpp.cpp; name = SqLiteValue.cpp; path = SqLite/SqLiteValue.cpp; sourceTree = "<group>"; };
		53E738C11B5863B300486F3A /* SqLiteValue.h */ = {isa = PBXFileReference; fileEncoding = 4; lastKnownFileType = sourcecode.c.h; name = SqLiteValue.h; path = SqLite/SqLiteValue.h; sourceTree = "<group>"; };
		53E738C71B58694200486F3A /* W2FormData.h */ = {isa = PBXFileReference; fileEncoding = 4; lastKnownFileType = sourcecode.c.h; name = W2FormData.h; path = Forms/W2FormData.h; sourceTree = "<group>"; };
		53E738C81B58694200486F3A /* W2FormData.cpp */ = {isa = PBXFileReference; fileEncoding = 4; lastKnownFileType = sourcecode.cpp.cpp; name = W2FormData.cpp; path = Forms/W2FormData.cpp; sourceTree = "<group>"; };
		53E738CB1B586A1400486F3A /* CurlTest.cpp */ = {isa = PBXFileReference; fileEncoding = 4; lastKnownFileType = sourcecode.cpp.cpp; name = CurlTest.cpp; path = REST/CurlTest.cpp; sourceTree = "<group>"; };
		53E738CC1B586A1400486F3A /* CurlTest.h */ = {isa = PBXFileReference; fileEncoding = 4; lastKnownFileType = sourcecode.c.h; name = CurlTest.h; path = REST/CurlTest.h; sourceTree = "<group>"; };
		53E738CE1B5982D100486F3A /* W2FormManager.h */ = {isa = PBXFileReference; fileEncoding = 4; lastKnownFileType = sourcecode.c.h; name = W2FormManager.h; path = Forms/W2FormManager.h; sourceTree = "<group>"; };
		53E738CF1B5982D100486F3A /* W2FormManager.mm */ = {isa = PBXFileReference; fileEncoding = 4; lastKnownFileType = sourcecode.cpp.objcpp; name = W2FormManager.mm; path = Forms/W2FormManager.mm; sourceTree = "<group>"; };
		53E738D11B5989B700486F3A /* W2FormTypes.h */ = {isa = PBXFileReference; lastKnownFileType = sourcecode.c.h; name = W2FormTypes.h; path = Forms/W2FormTypes.h; sourceTree = "<group>"; };
		53F7A4891B44B9900072BB8D /* ddteApp.app */ = {isa = PBXFileReference; explicitFileType = wrapper.application; includeInIndex = 0; path = ddteApp.app; sourceTree = BUILT_PRODUCTS_DIR; };
		53F7A48C1B44B9900072BB8D /* Cocoa.framework */ = {isa = PBXFileReference; lastKnownFileType = wrapper.framework; name = Cocoa.framework; path = System/Library/Frameworks/Cocoa.framework; sourceTree = SDKROOT; };
		53F7A48F1B44B9900072BB8D /* AppKit.framework */ = {isa = PBXFileReference; lastKnownFileType = wrapper.framework; name = AppKit.framework; path = System/Library/Frameworks/AppKit.framework; sourceTree = SDKROOT; };
		53F7A4901B44B9900072BB8D /* CoreData.framework */ = {isa = PBXFileReference; lastKnownFileType = wrapper.framework; name = CoreData.framework; path = System/Library/Frameworks/CoreData.framework; sourceTree = SDKROOT; };
		53F7A4911B44B9900072BB8D /* Foundation.framework */ = {isa = PBXFileReference; lastKnownFileType = wrapper.framework; name = Foundation.framework; path = System/Library/Frameworks/Foundation.framework; sourceTree = SDKROOT; };
		53F7A4941B44B9900072BB8D /* ddteApp-Info.plist */ = {isa = PBXFileReference; lastKnownFileType = text.plist.xml; path = "ddteApp-Info.plist"; sourceTree = "<group>"; };
		53F7A4961B44B9900072BB8D /* en */ = {isa = PBXFileReference; lastKnownFileType = text.plist.strings; name = en; path = en.lproj/InfoPlist.strings; sourceTree = "<group>"; };
		53F7A4981B44B9900072BB8D /* main.m */ = {isa = PBXFileReference; lastKnownFileType = sourcecode.c.objc; path = main.m; sourceTree = "<group>"; };
		53F7A49A1B44B9900072BB8D /* ddteApp-Prefix.pch */ = {isa = PBXFileReference; lastKnownFileType = sourcecode.c.h; path = "ddteApp-Prefix.pch"; sourceTree = "<group>"; };
		53F7A49C1B44B9900072BB8D /* en */ = {isa = PBXFileReference; lastKnownFileType = text.rtf; name = en; path = en.lproj/Credits.rtf; sourceTree = "<group>"; };
		53F7A49E1B44B9900072BB8D /* AppDelegate.h */ = {isa = PBXFileReference; lastKnownFileType = sourcecode.c.h; path = AppDelegate.h; sourceTree = "<group>"; };
		53F7A49F1B44B9900072BB8D /* AppDelegate.mm */ = {isa = PBXFileReference; lastKnownFileType = sourcecode.cpp.objcpp; path = AppDelegate.mm; sourceTree = "<group>"; };
		53F7A4A21B44B9900072BB8D /* Base */ = {isa = PBXFileReference; lastKnownFileType = file.xib; name = Base; path = Base.lproj/MainMenu.xib; sourceTree = "<group>"; };
		53F7A4A41B44B9900072BB8D /* Images.xcassets */ = {isa = PBXFileReference; lastKnownFileType = folder.assetcatalog; path = Images.xcassets; sourceTree = "<group>"; };
		53F7A4AA1B44B9900072BB8D /* ddteAppTests.xctest */ = {isa = PBXFileReference; explicitFileType = wrapper.cfbundle; includeInIndex = 0; path = ddteAppTests.xctest; sourceTree = BUILT_PRODUCTS_DIR; };
		53F7A4AB1B44B9900072BB8D /* XCTest.framework */ = {isa = PBXFileReference; lastKnownFileType = wrapper.framework; name = XCTest.framework; path = Library/Frameworks/XCTest.framework; sourceTree = DEVELOPER_DIR; };
		53F7A4B21B44B9900072BB8D /* ddteAppTests-Info.plist */ = {isa = PBXFileReference; lastKnownFileType = text.plist.xml; path = "ddteAppTests-Info.plist"; sourceTree = "<group>"; };
		53F7A4B41B44B9900072BB8D /* en */ = {isa = PBXFileReference; lastKnownFileType = text.plist.strings; name = en; path = en.lproj/InfoPlist.strings; sourceTree = "<group>"; };
		53F7A4B61B44B9900072BB8D /* ddteAppTests.m */ = {isa = PBXFileReference; lastKnownFileType = sourcecode.c.objc; path = ddteAppTests.m; sourceTree = "<group>"; };
/* End PBXFileReference section */

/* Begin PBXFrameworksBuildPhase section */
		53F7A4861B44B9900072BB8D /* Frameworks */ = {
			isa = PBXFrameworksBuildPhase;
			buildActionMask = 2147483647;
			files = (
				5354F8F71B5428A400D9AE50 /* libcurl.4.dylib in Frameworks */,
				5354F8F81B5428A400D9AE50 /* libcurl.dylib in Frameworks */,
				5346EE141B45A1CA0054E726 /* libsqlite3.0.dylib in Frameworks */,
				5346EE151B45A1CA0054E726 /* libsqlite3.dylib in Frameworks */,
				53F7A48D1B44B9900072BB8D /* Cocoa.framework in Frameworks */,
			);
			runOnlyForDeploymentPostprocessing = 0;
		};
		53F7A4A71B44B9900072BB8D /* Frameworks */ = {
			isa = PBXFrameworksBuildPhase;
			buildActionMask = 2147483647;
			files = (
				53F7A4AD1B44B9900072BB8D /* Cocoa.framework in Frameworks */,
				53F7A4AC1B44B9900072BB8D /* XCTest.framework in Frameworks */,
			);
			runOnlyForDeploymentPostprocessing = 0;
		};
/* End PBXFrameworksBuildPhase section */

/* Begin PBXGroup section */
		53463AC81B55A3D0006B6552 /* Views */ = {
			isa = PBXGroup;
			children = (
				53463AA01B55A3BC006B6552 /* MyView1.h */,
				53463AA11B55A3BC006B6552 /* MyView1.m */,
				53463AA21B55A3BC006B6552 /* MyView2.h */,
				53463AA31B55A3BC006B6552 /* MyView2.m */,
				53463AA41B55A3BC006B6552 /* ViewController1.h */,
				53463AA51B55A3BC006B6552 /* ViewController1.m */,
				53463AA61B55A3BC006B6552 /* ViewController1.xib */,
				53463AA71B55A3BC006B6552 /* ViewController2.h */,
				53463AA81B55A3BC006B6552 /* ViewController2.m */,
				53463AA91B55A3BC006B6552 /* ViewController2.xib */,
				53463AAA1B55A3BC006B6552 /* W2View1.h */,
				53463AAB1B55A3BC006B6552 /* W2View1.m */,
				53463AAC1B55A3BC006B6552 /* W2View2.h */,
				53463AAD1B55A3BC006B6552 /* W2View2.m */,
				53463AAE1B55A3BC006B6552 /* W2View3.h */,
				53463AAF1B55A3BC006B6552 /* W2View3.m */,
				53463AB01B55A3BC006B6552 /* W2ViewController1.h */,
				53463AB11B55A3BC006B6552 /* W2ViewController1.m */,
				53463AB21B55A3BC006B6552 /* W2ViewController1.xib */,
				53463AB31B55A3BC006B6552 /* W2ViewController2.h */,
				53463AB41B55A3BC006B6552 /* W2ViewController2.m */,
				53463AB51B55A3BC006B6552 /* W2ViewController2.xib */,
				53463AB61B55A3BC006B6552 /* W2ViewController3.h */,
				53463AB71B55A3BC006B6552 /* W2ViewController3.m */,
				53463AB81B55A3BC006B6552 /* W2ViewController3.xib */,
				53463AC91B55A62F006B6552 /* W2TableViewController.h */,
				53463ACA1B55A62F006B6552 /* W2TableViewController.m */,
				53463ACB1B55A62F006B6552 /* W2TableViewController.xib */,
				53463AD11B55A7E9006B6552 /* W2TableContainer.h */,
				53463AD21B55A7E9006B6552 /* W2TableContainer.m */,
				53DB57871B565DCF00631BF5 /* DdteWindowController.h */,
				53DB57881B565DCF00631BF5 /* DdteWindowController.m */,
				53DB57891B565DCF00631BF5 /* DdteWindowController.xib */,
				53DB578C1B56635300631BF5 /* DdteResponseView.h */,
				53DB578D1B56635300631BF5 /* DdteResponseView.m */,
				53DB578F1B568C6F00631BF5 /* SqlWindowController.h */,
				53DB57901B568C6F00631BF5 /* SqlWindowController.m */,
				53DB57911B568C6F00631BF5 /* SqlWindowController.xib */,
				53DB57941B568CA700631BF5 /* SqlResponseView.h */,
				53DB57951B568CA700631BF5 /* SqlResponseView.mm */,
			);
			name = Views;
			sourceTree = "<group>";
		};
		5346EE411B45DFE00054E726 /* Resources */ = {
			isa = PBXGroup;
			children = (
				53DB57851B564D5C00631BF5 /* TurboTax W-2 Logo.png */,
				53463AD41B55CCA6006B6552 /* TurboTax W-2 Header.png */,
				53463ADF1B55EB15006B6552 /* ddte-client.sqlite3 */,
				53463AD51B55CCA6006B6552 /* TurboTax W-2 Page-2.png */,
				53463AD61B55CCA6006B6552 /* TurboTax W-2 Page-3.png */,
				53463AD71B55CCA6006B6552 /* TurboTax W-2 Page-1.png */,
				5346EE421B45E1D20054E726 /* sampledb.sql */,
			);
			path = Resources;
			sourceTree = "<group>";
		};
		53E738B91B58632E00486F3A /* SqLite */ = {
			isa = PBXGroup;
			children = (
				53E738BA1B5863B300486F3A /* SqLiteDatabase.cpp */,
				53E738BB1B5863B300486F3A /* SqLiteDatabase.h */,
				53E738BC1B5863B300486F3A /* SqLiteException.cpp */,
				53E738BD1B5863B300486F3A /* SqLiteException.h */,
				53E738BE1B5863B300486F3A /* SqLiteQuery.cpp */,
				53E738BF1B5863B300486F3A /* SqLiteQuery.h */,
				53E738C01B5863B300486F3A /* SqLiteValue.cpp */,
				53E738C11B5863B300486F3A /* SqLiteValue.h */,
				53E738B61B58631B00486F3A /* SqLite.cpp */,
				53E738B71B58631B00486F3A /* SqLite.h */,
			);
			name = SqLite;
			sourceTree = "<group>";
		};
		53E738C61B5868CF00486F3A /* Forms */ = {
			isa = PBXGroup;
			children = (
				53E738C71B58694200486F3A /* W2FormData.h */,
				53E738C81B58694200486F3A /* W2FormData.cpp */,
				53E738CE1B5982D100486F3A /* W2FormManager.h */,
				53E738CF1B5982D100486F3A /* W2FormManager.mm */,
				53E738D11B5989B700486F3A /* W2FormTypes.h */,
			);
			name = Forms;
			sourceTree = "<group>";
		};
		53E738CA1B5869F000486F3A /* REST */ = {
			isa = PBXGroup;
			children = (
				53E738CB1B586A1400486F3A /* CurlTest.cpp */,
				53E738CC1B586A1400486F3A /* CurlTest.h */,
			);
			name = REST;
			sourceTree = "<group>";
		};
		53F7A4801B44B98F0072BB8D = {
			isa = PBXGroup;
			children = (
				53F7A4921B44B9900072BB8D /* ddteApp */,
				53F7A4B01B44B9900072BB8D /* ddteAppTests */,
				53F7A48B1B44B9900072BB8D /* Frameworks */,
				53F7A48A1B44B9900072BB8D /* Products */,
			);
			sourceTree = "<group>";
		};
		53F7A48A1B44B9900072BB8D /* Products */ = {
			isa = PBXGroup;
			children = (
				53F7A4891B44B9900072BB8D /* ddteApp.app */,
				53F7A4AA1B44B9900072BB8D /* ddteAppTests.xctest */,
			);
			name = Products;
			sourceTree = "<group>";
		};
		53F7A48B1B44B9900072BB8D /* Frameworks */ = {
			isa = PBXGroup;
			children = (
				5354F8F51B5428A400D9AE50 /* libcurl.4.dylib */,
				5354F8F61B5428A400D9AE50 /* libcurl.dylib */,
				5346EE121B45A1CA0054E726 /* libsqlite3.0.dylib */,
				5346EE131B45A1CA0054E726 /* libsqlite3.dylib */,
				53F7A48C1B44B9900072BB8D /* Cocoa.framework */,
				53F7A4AB1B44B9900072BB8D /* XCTest.framework */,
				53F7A48E1B44B9900072BB8D /* Other Frameworks */,
			);
			name = Frameworks;
			sourceTree = "<group>";
		};
		53F7A48E1B44B9900072BB8D /* Other Frameworks */ = {
			isa = PBXGroup;
			children = (
				53F7A48F1B44B9900072BB8D /* AppKit.framework */,
				53F7A4901B44B9900072BB8D /* CoreData.framework */,
				53F7A4911B44B9900072BB8D /* Foundation.framework */,
			);
			name = "Other Frameworks";
			sourceTree = "<group>";
		};
		53F7A4921B44B9900072BB8D /* ddteApp */ = {
			isa = PBXGroup;
			children = (
				534523251B502E86005A3BA4 /* DBManager.h */,
				5346EE171B45A21C0054E726 /* DBManager.mm */,
				53F7A49E1B44B9900072BB8D /* AppDelegate.h */,
				53F7A49F1B44B9900072BB8D /* AppDelegate.mm */,
				53463ADC1B55D44C006B6552 /* ResourceUtil.h */,
				53463ADD1B55D44C006B6552 /* ResourceUtil.m */,
				53E738C61B5868CF00486F3A /* Forms */,
				53E738CA1B5869F000486F3A /* REST */,
				53E738B91B58632E00486F3A /* SqLite */,
				53463AC81B55A3D0006B6552 /* Views */,
				53F7A4A11B44B9900072BB8D /* MainMenu.xib */,
				53F7A4A41B44B9900072BB8D /* Images.xcassets */,
				5346EE411B45DFE00054E726 /* Resources */,
				53F7A4931B44B9900072BB8D /* Supporting Files */,
			);
			path = ddteApp;
			sourceTree = "<group>";
		};
		53F7A4931B44B9900072BB8D /* Supporting Files */ = {
			isa = PBXGroup;
			children = (
				53F7A4941B44B9900072BB8D /* ddteApp-Info.plist */,
				53F7A4951B44B9900072BB8D /* InfoPlist.strings */,
				53F7A4981B44B9900072BB8D /* main.m */,
				53F7A49A1B44B9900072BB8D /* ddteApp-Prefix.pch */,
				53F7A49B1B44B9900072BB8D /* Credits.rtf */,
			);
			name = "Supporting Files";
			sourceTree = "<group>";
		};
		53F7A4B01B44B9900072BB8D /* ddteAppTests */ = {
			isa = PBXGroup;
			children = (
				53F7A4B61B44B9900072BB8D /* ddteAppTests.m */,
				53F7A4B11B44B9900072BB8D /* Supporting Files */,
			);
			path = ddteAppTests;
			sourceTree = "<group>";
		};
		53F7A4B11B44B9900072BB8D /* Supporting Files */ = {
			isa = PBXGroup;
			children = (
				53F7A4B21B44B9900072BB8D /* ddteAppTests-Info.plist */,
				53F7A4B31B44B9900072BB8D /* InfoPlist.strings */,
			);
			name = "Supporting Files";
			sourceTree = "<group>";
		};
/* End PBXGroup section */

/* Begin PBXNativeTarget section */
		53F7A4881B44B9900072BB8D /* ddteApp */ = {
			isa = PBXNativeTarget;
			buildConfigurationList = 53F7A4BA1B44B9900072BB8D /* Build configuration list for PBXNativeTarget "ddteApp" */;
			buildPhases = (
				53F7A4851B44B9900072BB8D /* Sources */,
				53F7A4861B44B9900072BB8D /* Frameworks */,
				53F7A4871B44B9900072BB8D /* Resources */,
			);
			buildRules = (
			);
			dependencies = (
			);
			name = ddteApp;
			productName = ddteApp;
			productReference = 53F7A4891B44B9900072BB8D /* ddteApp.app */;
			productType = "com.apple.product-type.application";
		};
		53F7A4A91B44B9900072BB8D /* ddteAppTests */ = {
			isa = PBXNativeTarget;
			buildConfigurationList = 53F7A4BD1B44B9900072BB8D /* Build configuration list for PBXNativeTarget "ddteAppTests" */;
			buildPhases = (
				53F7A4A61B44B9900072BB8D /* Sources */,
				53F7A4A71B44B9900072BB8D /* Frameworks */,
				53F7A4A81B44B9900072BB8D /* Resources */,
			);
			buildRules = (
			);
			dependencies = (
				53F7A4AF1B44B9900072BB8D /* PBXTargetDependency */,
			);
			name = ddteAppTests;
			productName = ddteAppTests;
			productReference = 53F7A4AA1B44B9900072BB8D /* ddteAppTests.xctest */;
			productType = "com.apple.product-type.bundle.unit-test";
		};
/* End PBXNativeTarget section */

/* Begin PBXProject section */
		53F7A4811B44B98F0072BB8D /* Project object */ = {
			isa = PBXProject;
			attributes = {
				LastUpgradeCheck = 0510;
				ORGANIZATIONNAME = "Fushiki, Ikko";
				TargetAttributes = {
					53F7A4A91B44B9900072BB8D = {
						TestTargetID = 53F7A4881B44B9900072BB8D;
					};
				};
			};
			buildConfigurationList = 53F7A4841B44B98F0072BB8D /* Build configuration list for PBXProject "ddteApp" */;
			compatibilityVersion = "Xcode 3.2";
			developmentRegion = English;
			hasScannedForEncodings = 0;
			knownRegions = (
				en,
				Base,
			);
			mainGroup = 53F7A4801B44B98F0072BB8D;
			productRefGroup = 53F7A48A1B44B9900072BB8D /* Products */;
			projectDirPath = "";
			projectRoot = "";
			targets = (
				53F7A4881B44B9900072BB8D /* ddteApp */,
				53F7A4A91B44B9900072BB8D /* ddteAppTests */,
			);
		};
/* End PBXProject section */

/* Begin PBXResourcesBuildPhase section */
		53F7A4871B44B9900072BB8D /* Resources */ = {
			isa = PBXResourcesBuildPhase;
			buildActionMask = 2147483647;
			files = (
				53463ABC1B55A3BC006B6552 /* ViewController1.xib in Resources */,
				53DB57931B568C6F00631BF5 /* SqlWindowController.xib in Resources */,
				538FA3BC1B4A65D100CEBF48 /* sampledb.sql in Resources */,
				53463AD91B55CCA6006B6552 /* TurboTax W-2 Page-2.png in Resources */,
				53463AE01B55EB15006B6552 /* ddte-client.sqlite3 in Resources */,
				53463ADB1B55CCA6006B6552 /* TurboTax W-2 Page-1.png in Resources */,
				53463AD81B55CCA6006B6552 /* TurboTax W-2 Header.png in Resources */,
				53DB578B1B565DCF00631BF5 /* DdteWindowController.xib in Resources */,
				53F7A4971B44B9900072BB8D /* InfoPlist.strings in Resources */,
				53463ACD1B55A62F006B6552 /* W2TableViewController.xib in Resources */,
				53F7A4A51B44B9900072BB8D /* Images.xcassets in Resources */,
				53F7A49D1B44B9900072BB8D /* Credits.rtf in Resources */,
				53F7A4A31B44B9900072BB8D /* MainMenu.xib in Resources */,
				53463ADA1B55CCA6006B6552 /* TurboTax W-2 Page-3.png in Resources */,
				53463AC51B55A3BC006B6552 /* W2ViewController2.xib in Resources */,
				53DB57861B564D5C00631BF5 /* TurboTax W-2 Logo.png in Resources */,
				53463ABE1B55A3BC006B6552 /* ViewController2.xib in Resources */,
				53463AC31B55A3BC006B6552 /* W2ViewController1.xib in Resources */,
				53463AC71B55A3BC006B6552 /* W2ViewController3.xib in Resources */,
			);
			runOnlyForDeploymentPostprocessing = 0;
		};
		53F7A4A81B44B9900072BB8D /* Resources */ = {
			isa = PBXResourcesBuildPhase;
			buildActionMask = 2147483647;
			files = (
				53F7A4B51B44B9900072BB8D /* InfoPlist.strings in Resources */,
			);
			runOnlyForDeploymentPostprocessing = 0;
		};
/* End PBXResourcesBuildPhase section */

/* Begin PBXSourcesBuildPhase section */
		53F7A4851B44B9900072BB8D /* Sources */ = {
			isa = PBXSourcesBuildPhase;
			buildActionMask = 2147483647;
			files = (
				53DB57961B568CA700631BF5 /* SqlResponseView.mm in Sources */,
				53463ABD1B55A3BC006B6552 /* ViewController2.m in Sources */,
				53DB578A1B565DCF00631BF5 /* DdteWindowController.m in Sources */,
				5346EE181B45A21C0054E726 /* DBManager.mm in Sources */,
				53F7A4A01B44B9900072BB8D /* AppDelegate.mm in Sources */,
				53E738C31B5863B300486F3A /* SqLiteException.cpp in Sources */,
				53DB57921B568C6F00631BF5 /* SqlWindowController.m in Sources */,
				53463AC61B55A3BC006B6552 /* W2ViewController3.m in Sources */,
				53463ACC1B55A62F006B6552 /* W2TableViewController.m in Sources */,
				53E738C51B5863B300486F3A /* SqLiteValue.cpp in Sources */,
				53DB578E1B56635300631BF5 /* DdteResponseView.m in Sources */,
				53463ADE1B55D44C006B6552 /* ResourceUtil.m in Sources */,
				53463ABA1B55A3BC006B6552 /* MyView2.m in Sources */,
				53463AC41B55A3BC006B6552 /* W2ViewController2.m in Sources */,
				53F7A4991B44B9900072BB8D /* main.m in Sources */,
				53463ABB1B55A3BC006B6552 /* ViewController1.m in Sources */,
				53463AC01B55A3BC006B6552 /* W2View2.m in Sources */,
				53E738C41B5863B300486F3A /* SqLiteQuery.cpp in Sources */,
				53463AC11B55A3BC006B6552 /* W2View3.m in Sources */,
				53463AD31B55A7E9006B6552 /* W2TableContainer.m in Sources */,
				53463AC21B55A3BC006B6552 /* W2ViewController1.m in Sources */,
				53463AB91B55A3BC006B6552 /* MyView1.m in Sources */,
				53E738C91B58694200486F3A /* W2FormData.cpp in Sources */,
				53E738CD1B586A1400486F3A /* CurlTest.cpp in Sources */,
				53463ABF1B55A3BC006B6552 /* W2View1.m in Sources */,
				53E738D01B5982D100486F3A /* W2FormManager.mm in Sources */,
				53E738B81B58631B00486F3A /* SqLite.cpp in Sources */,
				53E738C21B5863B300486F3A /* SqLiteDatabase.cpp in Sources */,
			);
			runOnlyForDeploymentPostprocessing = 0;
		};
		53F7A4A61B44B9900072BB8D /* Sources */ = {
			isa = PBXSourcesBuildPhase;
			buildActionMask = 2147483647;
			files = (
				53F7A4B71B44B9900072BB8D /* ddteAppTests.m in Sources */,
			);
			runOnlyForDeploymentPostprocessing = 0;
		};
/* End PBXSourcesBuildPhase section */

/* Begin PBXTargetDependency section */
		53F7A4AF1B44B9900072BB8D /* PBXTargetDependency */ = {
			isa = PBXTargetDependency;
			target = 53F7A4881B44B9900072BB8D /* ddteApp */;
			targetProxy = 53F7A4AE1B44B9900072BB8D /* PBXContainerItemProxy */;
		};
/* End PBXTargetDependency section */

/* Begin PBXVariantGroup section */
		53F7A4951B44B9900072BB8D /* InfoPlist.strings */ = {
			isa = PBXVariantGroup;
			children = (
				53F7A4961B44B9900072BB8D /* en */,
			);
			name = InfoPlist.strings;
			sourceTree = "<group>";
		};
		53F7A49B1B44B9900072BB8D /* Credits.rtf */ = {
			isa = PBXVariantGroup;
			children = (
				53F7A49C1B44B9900072BB8D /* en */,
			);
			name = Credits.rtf;
			sourceTree = "<group>";
		};
		53F7A4A11B44B9900072BB8D /* MainMenu.xib */ = {
			isa = PBXVariantGroup;
			children = (
				53F7A4A21B44B9900072BB8D /* Base */,
			);
			name = MainMenu.xib;
			sourceTree = "<group>";
		};
		53F7A4B31B44B9900072BB8D /* InfoPlist.strings */ = {
			isa = PBXVariantGroup;
			children = (
				53F7A4B41B44B9900072BB8D /* en */,
			);
			name = InfoPlist.strings;
			sourceTree = "<group>";
		};
/* End PBXVariantGroup section */

/* Begin XCBuildConfiguration section */
		53F7A4B81B44B9900072BB8D /* Debug */ = {
			isa = XCBuildConfiguration;
			buildSettings = {
				ALWAYS_SEARCH_USER_PATHS = NO;
				CLANG_CXX_LANGUAGE_STANDARD = "gnu++0x";
				CLANG_CXX_LIBRARY = "libc++";
				CLANG_ENABLE_MODULES = YES;
				CLANG_ENABLE_OBJC_ARC = YES;
				CLANG_WARN_BOOL_CONVERSION = YES;
				CLANG_WARN_CONSTANT_CONVERSION = YES;
				CLANG_WARN_DIRECT_OBJC_ISA_USAGE = YES_ERROR;
				CLANG_WARN_EMPTY_BODY = YES;
				CLANG_WARN_ENUM_CONVERSION = YES;
				CLANG_WARN_INT_CONVERSION = YES;
				CLANG_WARN_OBJC_ROOT_CLASS = YES_ERROR;
				CLANG_WARN__DUPLICATE_METHOD_MATCH = YES;
				COPY_PHASE_STRIP = NO;
				GCC_C_LANGUAGE_STANDARD = gnu99;
				GCC_DYNAMIC_NO_PIC = NO;
				GCC_ENABLE_OBJC_EXCEPTIONS = YES;
				GCC_OPTIMIZATION_LEVEL = 0;
				GCC_PREPROCESSOR_DEFINITIONS = (
					"DEBUG=1",
					"$(inherited)",
				);
				GCC_SYMBOLS_PRIVATE_EXTERN = NO;
				GCC_WARN_64_TO_32_BIT_CONVERSION = YES;
				GCC_WARN_ABOUT_RETURN_TYPE = YES_ERROR;
				GCC_WARN_UNDECLARED_SELECTOR = YES;
				GCC_WARN_UNINITIALIZED_AUTOS = YES_AGGRESSIVE;
				GCC_WARN_UNUSED_FUNCTION = YES;
				GCC_WARN_UNUSED_VARIABLE = YES;
				MACOSX_DEPLOYMENT_TARGET = 10.10;
				ONLY_ACTIVE_ARCH = YES;
				SDKROOT = macosx;
			};
			name = Debug;
		};
		53F7A4B91B44B9900072BB8D /* Release */ = {
			isa = XCBuildConfiguration;
			buildSettings = {
				ALWAYS_SEARCH_USER_PATHS = NO;
				CLANG_CXX_LANGUAGE_STANDARD = "gnu++0x";
				CLANG_CXX_LIBRARY = "libc++";
				CLANG_ENABLE_MODULES = YES;
				CLANG_ENABLE_OBJC_ARC = YES;
				CLANG_WARN_BOOL_CONVERSION = YES;
				CLANG_WARN_CONSTANT_CONVERSION = YES;
				CLANG_WARN_DIRECT_OBJC_ISA_USAGE = YES_ERROR;
				CLANG_WARN_EMPTY_BODY = YES;
				CLANG_WARN_ENUM_CONVERSION = YES;
				CLANG_WARN_INT_CONVERSION = YES;
				CLANG_WARN_OBJC_ROOT_CLASS = YES_ERROR;
				CLANG_WARN__DUPLICATE_METHOD_MATCH = YES;
				COPY_PHASE_STRIP = YES;
				DEBUG_INFORMATION_FORMAT = "dwarf-with-dsym";
				ENABLE_NS_ASSERTIONS = NO;
				GCC_C_LANGUAGE_STANDARD = gnu99;
				GCC_ENABLE_OBJC_EXCEPTIONS = YES;
				GCC_WARN_64_TO_32_BIT_CONVERSION = YES;
				GCC_WARN_ABOUT_RETURN_TYPE = YES_ERROR;
				GCC_WARN_UNDECLARED_SELECTOR = YES;
				GCC_WARN_UNINITIALIZED_AUTOS = YES_AGGRESSIVE;
				GCC_WARN_UNUSED_FUNCTION = YES;
				GCC_WARN_UNUSED_VARIABLE = YES;
				MACOSX_DEPLOYMENT_TARGET = 10.10;
				SDKROOT = macosx;
			};
			name = Release;
		};
		53F7A4BB1B44B9900072BB8D /* Debug */ = {
			isa = XCBuildConfiguration;
			buildSettings = {
				ASSETCATALOG_COMPILER_APPICON_NAME = AppIcon;
				COMBINE_HIDPI_IMAGES = YES;
				GCC_PRECOMPILE_PREFIX_HEADER = YES;
				GCC_PREFIX_HEADER = "ddteApp/ddteApp-Prefix.pch";
				INFOPLIST_FILE = "ddteApp/ddteApp-Info.plist";
				PRODUCT_NAME = "$(TARGET_NAME)";
				WRAPPER_EXTENSION = app;
			};
			name = Debug;
		};
		53F7A4BC1B44B9900072BB8D /* Release */ = {
			isa = XCBuildConfiguration;
			buildSettings = {
				ASSETCATALOG_COMPILER_APPICON_NAME = AppIcon;
				COMBINE_HIDPI_IMAGES = YES;
				GCC_PRECOMPILE_PREFIX_HEADER = YES;
				GCC_PREFIX_HEADER = "ddteApp/ddteApp-Prefix.pch";
				INFOPLIST_FILE = "ddteApp/ddteApp-Info.plist";
				PRODUCT_NAME = "$(TARGET_NAME)";
				WRAPPER_EXTENSION = app;
			};
			name = Release;
		};
		53F7A4BE1B44B9900072BB8D /* Debug */ = {
			isa = XCBuildConfiguration;
			buildSettings = {
				BUNDLE_LOADER = "$(BUILT_PRODUCTS_DIR)/ddteApp.app/Contents/MacOS/ddteApp";
				COMBINE_HIDPI_IMAGES = YES;
				FRAMEWORK_SEARCH_PATHS = (
					"$(DEVELOPER_FRAMEWORKS_DIR)",
					"$(inherited)",
				);
				GCC_PRECOMPILE_PREFIX_HEADER = YES;
				GCC_PREFIX_HEADER = "ddteApp/ddteApp-Prefix.pch";
				GCC_PREPROCESSOR_DEFINITIONS = (
					"DEBUG=1",
					"$(inherited)",
				);
				INFOPLIST_FILE = "ddteAppTests/ddteAppTests-Info.plist";
				PRODUCT_NAME = "$(TARGET_NAME)";
				TEST_HOST = "$(BUNDLE_LOADER)";
				WRAPPER_EXTENSION = xctest;
			};
			name = Debug;
		};
		53F7A4BF1B44B9900072BB8D /* Release */ = {
			isa = XCBuildConfiguration;
			buildSettings = {
				BUNDLE_LOADER = "$(BUILT_PRODUCTS_DIR)/ddteApp.app/Contents/MacOS/ddteApp";
				COMBINE_HIDPI_IMAGES = YES;
				FRAMEWORK_SEARCH_PATHS = (
					"$(DEVELOPER_FRAMEWORKS_DIR)",
					"$(inherited)",
				);
				GCC_PRECOMPILE_PREFIX_HEADER = YES;
				GCC_PREFIX_HEADER = "ddteApp/ddteApp-Prefix.pch";
				INFOPLIST_FILE = "ddteAppTests/ddteAppTests-Info.plist";
				PRODUCT_NAME = "$(TARGET_NAME)";
				TEST_HOST = "$(BUNDLE_LOADER)";
				WRAPPER_EXTENSION = xctest;
			};
			name = Release;
		};
/* End XCBuildConfiguration section */

/* Begin XCConfigurationList section */
		53F7A4841B44B98F0072BB8D /* Build configuration list for PBXProject "ddteApp" */ = {
			isa = XCConfigurationList;
			buildConfigurations = (
				53F7A4B81B44B9900072BB8D /* Debug */,
				53F7A4B91B44B9900072BB8D /* Release */,
			);
			defaultConfigurationIsVisible = 0;
			defaultConfigurationName = Release;
		};
		53F7A4BA1B44B9900072BB8D /* Build configuration list for PBXNativeTarget "ddteApp" */ = {
			isa = XCConfigurationList;
			buildConfigurations = (
				53F7A4BB1B44B9900072BB8D /* Debug */,
				53F7A4BC1B44B9900072BB8D /* Release */,
			);
			defaultConfigurationIsVisible = 0;
			defaultConfigurationName = Release;
		};
		53F7A4BD1B44B9900072BB8D /* Build configuration list for PBXNativeTarget "ddteAppTests" */ = {
			isa = XCConfigurationList;
			buildConfigurations = (
				53F7A4BE1B44B9900072BB8D /* Debug */,
				53F7A4BF1B44B9900072BB8D /* Release */,
			);
			defaultConfigurationIsVisible = 0;
			defaultConfigurationName = Release;
		};
/* End XCConfigurationList section */
	};
	rootObject = 53F7A4811B44B98F0072BB8D /* Project object */;
}
